// !$*UTF8*$!
{
	archiveVersion = 1;
	classes = {
	};
	objectVersion = 56;
	objects = {

/* Begin PBXBuildFile section */
		2368ECDF2C74D8910026607C /* AppDelegate.swift in Sources */ = {isa = PBXBuildFile; fileRef = 2368ECDE2C74D8910026607C /* AppDelegate.swift */; };
		2368ECE12C74D8910026607C /* SceneDelegate.swift in Sources */ = {isa = PBXBuildFile; fileRef = 2368ECE02C74D8910026607C /* SceneDelegate.swift */; };
		2368ECE32C74D8910026607C /* LoginViewController.swift in Sources */ = {isa = PBXBuildFile; fileRef = 2368ECE22C74D8910026607C /* LoginViewController.swift */; };
		2368ECE62C74D8910026607C /* Base in Resources */ = {isa = PBXBuildFile; fileRef = 2368ECE52C74D8910026607C /* Base */; };
		2368ECE82C74D8920026607C /* Assets.xcassets in Resources */ = {isa = PBXBuildFile; fileRef = 2368ECE72C74D8920026607C /* Assets.xcassets */; };
		2368ECEB2C74D8920026607C /* Base in Resources */ = {isa = PBXBuildFile; fileRef = 2368ECEA2C74D8920026607C /* Base */; };
		2368ECF62C74D8920026607C /* safwalkappTests.swift in Sources */ = {isa = PBXBuildFile; fileRef = 2368ECF52C74D8920026607C /* safwalkappTests.swift */; };
		2368ED002C74D8920026607C /* safwalkappUITests.swift in Sources */ = {isa = PBXBuildFile; fileRef = 2368ECFF2C74D8920026607C /* safwalkappUITests.swift */; };
		2368ED022C74D8920026607C /* safwalkappUITestsLaunchTests.swift in Sources */ = {isa = PBXBuildFile; fileRef = 2368ED012C74D8920026607C /* safwalkappUITestsLaunchTests.swift */; };
		2368ED0F2C74ED050026607C /* CreateuserViewController.swift in Sources */ = {isa = PBXBuildFile; fileRef = 2368ED0E2C74ED050026607C /* CreateuserViewController.swift */; };
		2368ED112C7504200026607C /* MapViewController.swift in Sources */ = {isa = PBXBuildFile; fileRef = 2368ED102C7504200026607C /* MapViewController.swift */; };
/* End PBXBuildFile section */

/* Begin PBXContainerItemProxy section */
		2368ECF22C74D8920026607C /* PBXContainerItemProxy */ = {
			isa = PBXContainerItemProxy;
			containerPortal = 2368ECD32C74D8910026607C /* Project object */;
			proxyType = 1;
			remoteGlobalIDString = 2368ECDA2C74D8910026607C;
			remoteInfo = safwalkapp;
		};
		2368ECFC2C74D8920026607C /* PBXContainerItemProxy */ = {
			isa = PBXContainerItemProxy;
			containerPortal = 2368ECD32C74D8910026607C /* Project object */;
			proxyType = 1;
			remoteGlobalIDString = 2368ECDA2C74D8910026607C;
			remoteInfo = safwalkapp;
		};
/* End PBXContainerItemProxy section */

/* Begin PBXFileReference section */
		2368ECDB2C74D8910026607C /* safwalkapp.app */ = {isa = PBXFileReference; explicitFileType = wrapper.application; includeInIndex = 0; path = safwalkapp.app; sourceTree = BUILT_PRODUCTS_DIR; };
		2368ECDE2C74D8910026607C /* AppDelegate.swift */ = {isa = PBXFileReference; lastKnownFileType = sourcecode.swift; path = AppDelegate.swift; sourceTree = "<group>"; };
		2368ECE02C74D8910026607C /* SceneDelegate.swift */ = {isa = PBXFileReference; lastKnownFileType = sourcecode.swift; path = SceneDelegate.swift; sourceTree = "<group>"; };
		2368ECE22C74D8910026607C /* LoginViewController.swift */ = {isa = PBXFileReference; lastKnownFileType = sourcecode.swift; path = LoginViewController.swift; sourceTree = "<group>"; };
		2368ECE52C74D8910026607C /* Base */ = {isa = PBXFileReference; lastKnownFileType = file.storyboard; name = Base; path = Base.lproj/Main.storyboard; sourceTree = "<group>"; };
		2368ECE72C74D8920026607C /* Assets.xcassets */ = {isa = PBXFileReference; lastKnownFileType = folder.assetcatalog; path = Assets.xcassets; sourceTree = "<group>"; };
		2368ECEA2C74D8920026607C /* Base */ = {isa = PBXFileReference; lastKnownFileType = file.storyboard; name = Base; path = Base.lproj/LaunchScreen.storyboard; sourceTree = "<group>"; };
		2368ECEC2C74D8920026607C /* Info.plist */ = {isa = PBXFileReference; lastKnownFileType = text.plist.xml; path = Info.plist; sourceTree = "<group>"; };
		2368ECF12C74D8920026607C /* safwalkappTests.xctest */ = {isa = PBXFileReference; explicitFileType = wrapper.cfbundle; includeInIndex = 0; path = safwalkappTests.xctest; sourceTree = BUILT_PRODUCTS_DIR; };
		2368ECF52C74D8920026607C /* safwalkappTests.swift */ = {isa = PBXFileReference; lastKnownFileType = sourcecode.swift; path = safwalkappTests.swift; sourceTree = "<group>"; };
		2368ECFB2C74D8920026607C /* safwalkappUITests.xctest */ = {isa = PBXFileReference; explicitFileType = wrapper.cfbundle; includeInIndex = 0; path = safwalkappUITests.xctest; sourceTree = BUILT_PRODUCTS_DIR; };
		2368ECFF2C74D8920026607C /* safwalkappUITests.swift */ = {isa = PBXFileReference; lastKnownFileType = sourcecode.swift; path = safwalkappUITests.swift; sourceTree = "<group>"; };
		2368ED012C74D8920026607C /* safwalkappUITestsLaunchTests.swift */ = {isa = PBXFileReference; lastKnownFileType = sourcecode.swift; path = safwalkappUITestsLaunchTests.swift; sourceTree = "<group>"; };
		2368ED0E2C74ED050026607C /* CreateuserViewController.swift */ = {isa = PBXFileReference; lastKnownFileType = sourcecode.swift; path = CreateuserViewController.swift; sourceTree = "<group>"; };
		2368ED102C7504200026607C /* MapViewController.swift */ = {isa = PBXFileReference; lastKnownFileType = sourcecode.swift; path = MapViewController.swift; sourceTree = "<group>"; };
/* End PBXFileReference section */

/* Begin PBXFrameworksBuildPhase section */
		2368ECD82C74D8910026607C /* Frameworks */ = {
			isa = PBXFrameworksBuildPhase;
			buildActionMask = 2147483647;
			files = (
			);
			runOnlyForDeploymentPostprocessing = 0;
		};
		2368ECEE2C74D8920026607C /* Frameworks */ = {
			isa = PBXFrameworksBuildPhase;
			buildActionMask = 2147483647;
			files = (
			);
			runOnlyForDeploymentPostprocessing = 0;
		};
		2368ECF82C74D8920026607C /* Frameworks */ = {
			isa = PBXFrameworksBuildPhase;
			buildActionMask = 2147483647;
			files = (
			);
			runOnlyForDeploymentPostprocessing = 0;
		};
/* End PBXFrameworksBuildPhase section */

/* Begin PBXGroup section */
		2368ECD22C74D8910026607C = {
			isa = PBXGroup;
			children = (
				2368ECDD2C74D8910026607C /* safwalkapp */,
				2368ECF42C74D8920026607C /* safwalkappTests */,
				2368ECFE2C74D8920026607C /* safwalkappUITests */,
				2368ECDC2C74D8910026607C /* Products */,
			);
			sourceTree = "<group>";
		};
		2368ECDC2C74D8910026607C /* Products */ = {
			isa = PBXGroup;
			children = (
				2368ECDB2C74D8910026607C /* safwalkapp.app */,
				2368ECF12C74D8920026607C /* safwalkappTests.xctest */,
				2368ECFB2C74D8920026607C /* safwalkappUITests.xctest */,
			);
			name = Products;
			sourceTree = "<group>";
		};
		2368ECDD2C74D8910026607C /* safwalkapp */ = {
			isa = PBXGroup;
			children = (
				2368ECDE2C74D8910026607C /* AppDelegate.swift */,
				2368ECE02C74D8910026607C /* SceneDelegate.swift */,
				2368ECE22C74D8910026607C /* LoginViewController.swift */,
				2368ED0E2C74ED050026607C /* CreateuserViewController.swift */,
				2368ED102C7504200026607C /* MapViewController.swift */,
				2368ECE42C74D8910026607C /* Main.storyboard */,
				2368ECE72C74D8920026607C /* Assets.xcassets */,
				2368ECE92C74D8920026607C /* LaunchScreen.storyboard */,
				2368ECEC2C74D8920026607C /* Info.plist */,
			);
			path = safwalkapp;
			sourceTree = "<group>";
		};
		2368ECF42C74D8920026607C /* safwalkappTests */ = {
			isa = PBXGroup;
			children = (
				2368ECF52C74D8920026607C /* safwalkappTests.swift */,
			);
			path = safwalkappTests;
			sourceTree = "<group>";
		};
		2368ECFE2C74D8920026607C /* safwalkappUITests */ = {
			isa = PBXGroup;
			children = (
				2368ECFF2C74D8920026607C /* safwalkappUITests.swift */,
				2368ED012C74D8920026607C /* safwalkappUITestsLaunchTests.swift */,
			);
			path = safwalkappUITests;
			sourceTree = "<group>";
		};
/* End PBXGroup section */

/* Begin PBXNativeTarget section */
		2368ECDA2C74D8910026607C /* safwalkapp */ = {
			isa = PBXNativeTarget;
			buildConfigurationList = 2368ED052C74D8920026607C /* Build configuration list for PBXNativeTarget "safwalkapp" */;
			buildPhases = (
				2368ECD72C74D8910026607C /* Sources */,
				2368ECD82C74D8910026607C /* Frameworks */,
				2368ECD92C74D8910026607C /* Resources */,
			);
			buildRules = (
			);
			dependencies = (
			);
			name = safwalkapp;
			productName = safwalkapp;
			productReference = 2368ECDB2C74D8910026607C /* safwalkapp.app */;
			productType = "com.apple.product-type.application";
		};
		2368ECF02C74D8920026607C /* safwalkappTests */ = {
			isa = PBXNativeTarget;
			buildConfigurationList = 2368ED082C74D8920026607C /* Build configuration list for PBXNativeTarget "safwalkappTests" */;
			buildPhases = (
				2368ECED2C74D8920026607C /* Sources */,
				2368ECEE2C74D8920026607C /* Frameworks */,
				2368ECEF2C74D8920026607C /* Resources */,
			);
			buildRules = (
			);
			dependencies = (
				2368ECF32C74D8920026607C /* PBXTargetDependency */,
			);
			name = safwalkappTests;
			productName = safwalkappTests;
			productReference = 2368ECF12C74D8920026607C /* safwalkappTests.xctest */;
			productType = "com.apple.product-type.bundle.unit-test";
		};
		2368ECFA2C74D8920026607C /* safwalkappUITests */ = {
			isa = PBXNativeTarget;
			buildConfigurationList = 2368ED0B2C74D8920026607C /* Build configuration list for PBXNativeTarget "safwalkappUITests" */;
			buildPhases = (
				2368ECF72C74D8920026607C /* Sources */,
				2368ECF82C74D8920026607C /* Frameworks */,
				2368ECF92C74D8920026607C /* Resources */,
			);
			buildRules = (
			);
			dependencies = (
				2368ECFD2C74D8920026607C /* PBXTargetDependency */,
			);
			name = safwalkappUITests;
			productName = safwalkappUITests;
			productReference = 2368ECFB2C74D8920026607C /* safwalkappUITests.xctest */;
			productType = "com.apple.product-type.bundle.ui-testing";
		};
/* End PBXNativeTarget section */

/* Begin PBXProject section */
		2368ECD32C74D8910026607C /* Project object */ = {
			isa = PBXProject;
			attributes = {
				BuildIndependentTargetsInParallel = 1;
				LastSwiftUpdateCheck = 1540;
				LastUpgradeCheck = 1540;
				TargetAttributes = {
					2368ECDA2C74D8910026607C = {
						CreatedOnToolsVersion = 15.4;
					};
					2368ECF02C74D8920026607C = {
						CreatedOnToolsVersion = 15.4;
						TestTargetID = 2368ECDA2C74D8910026607C;
					};
					2368ECFA2C74D8920026607C = {
						CreatedOnToolsVersion = 15.4;
						TestTargetID = 2368ECDA2C74D8910026607C;
					};
				};
			};
			buildConfigurationList = 2368ECD62C74D8910026607C /* Build configuration list for PBXProject "safwalkapp" */;
			compatibilityVersion = "Xcode 14.0";
			developmentRegion = en;
			hasScannedForEncodings = 0;
			knownRegions = (
				en,
				Base,
			);
			mainGroup = 2368ECD22C74D8910026607C;
			productRefGroup = 2368ECDC2C74D8910026607C /* Products */;
			projectDirPath = "";
			projectRoot = "";
			targets = (
				2368ECDA2C74D8910026607C /* safwalkapp */,
				2368ECF02C74D8920026607C /* safwalkappTests */,
				2368ECFA2C74D8920026607C /* safwalkappUITests */,
			);
		};
/* End PBXProject section */

/* Begin PBXResourcesBuildPhase section */
		2368ECD92C74D8910026607C /* Resources */ = {
			isa = PBXResourcesBuildPhase;
			buildActionMask = 2147483647;
			files = (
				2368ECE82C74D8920026607C /* Assets.xcassets in Resources */,
				2368ECEB2C74D8920026607C /* Base in Resources */,
				2368ECE62C74D8910026607C /* Base in Resources */,
			);
			runOnlyForDeploymentPostprocessing = 0;
		};
		2368ECEF2C74D8920026607C /* Resources */ = {
			isa = PBXResourcesBuildPhase;
			buildActionMask = 2147483647;
			files = (
			);
			runOnlyForDeploymentPostprocessing = 0;
		};
		2368ECF92C74D8920026607C /* Resources */ = {
			isa = PBXResourcesBuildPhase;
			buildActionMask = 2147483647;
			files = (
			);
			runOnlyForDeploymentPostprocessing = 0;
		};
/* End PBXResourcesBuildPhase section */

/* Begin PBXSourcesBuildPhase section */
		2368ECD72C74D8910026607C /* Sources */ = {
			isa = PBXSourcesBuildPhase;
			buildActionMask = 2147483647;
			files = (
				2368ECE32C74D8910026607C /* LoginViewController.swift in Sources */,
				2368ECDF2C74D8910026607C /* AppDelegate.swift in Sources */,
				2368ECE12C74D8910026607C /* SceneDelegate.swift in Sources */,
				2368ED112C7504200026607C /* MapViewController.swift in Sources */,
				2368ED0F2C74ED050026607C /* CreateuserViewController.swift in Sources */,
			);
			runOnlyForDeploymentPostprocessing = 0;
		};
		2368ECED2C74D8920026607C /* Sources */ = {
			isa = PBXSourcesBuildPhase;
			buildActionMask = 2147483647;
			files = (
				2368ECF62C74D8920026607C /* safwalkappTests.swift in Sources */,
			);
			runOnlyForDeploymentPostprocessing = 0;
		};
		2368ECF72C74D8920026607C /* Sources */ = {
			isa = PBXSourcesBuildPhase;
			buildActionMask = 2147483647;
			files = (
				2368ED022C74D8920026607C /* safwalkappUITestsLaunchTests.swift in Sources */,
				2368ED002C74D8920026607C /* safwalkappUITests.swift in Sources */,
			);
			runOnlyForDeploymentPostprocessing = 0;
		};
/* End PBXSourcesBuildPhase section */

/* Begin PBXTargetDependency section */
		2368ECF32C74D8920026607C /* PBXTargetDependency */ = {
			isa = PBXTargetDependency;
			target = 2368ECDA2C74D8910026607C /* safwalkapp */;
			targetProxy = 2368ECF22C74D8920026607C /* PBXContainerItemProxy */;
		};
		2368ECFD2C74D8920026607C /* PBXTargetDependency */ = {
			isa = PBXTargetDependency;
			target = 2368ECDA2C74D8910026607C /* safwalkapp */;
			targetProxy = 2368ECFC2C74D8920026607C /* PBXContainerItemProxy */;
		};
/* End PBXTargetDependency section */

/* Begin PBXVariantGroup section */
		2368ECE42C74D8910026607C /* Main.storyboard */ = {
			isa = PBXVariantGroup;
			children = (
				2368ECE52C74D8910026607C /* Base */,
			);
			name = Main.storyboard;
			sourceTree = "<group>";
		};
		2368ECE92C74D8920026607C /* LaunchScreen.storyboard */ = {
			isa = PBXVariantGroup;
			children = (
				2368ECEA2C74D8920026607C /* Base */,
			);
			name = LaunchScreen.storyboard;
			sourceTree = "<group>";
		};
/* End PBXVariantGroup section */

/* Begin XCBuildConfiguration section */
		2368ED032C74D8920026607C /* Debug */ = {
			isa = XCBuildConfiguration;
			buildSettings = {
				ALWAYS_SEARCH_USER_PATHS = NO;
				ASSETCATALOG_COMPILER_GENERATE_SWIFT_ASSET_SYMBOL_EXTENSIONS = YES;
				CLANG_ANALYZER_NONNULL = YES;
				CLANG_ANALYZER_NUMBER_OBJECT_CONVERSION = YES_AGGRESSIVE;
				CLANG_CXX_LANGUAGE_STANDARD = "gnu++20";
				CLANG_ENABLE_MODULES = YES;
				CLANG_ENABLE_OBJC_ARC = YES;
				CLANG_ENABLE_OBJC_WEAK = YES;
				CLANG_WARN_BLOCK_CAPTURE_AUTORELEASING = YES;
				CLANG_WARN_BOOL_CONVERSION = YES;
				CLANG_WARN_COMMA = YES;
				CLANG_WARN_CONSTANT_CONVERSION = YES;
				CLANG_WARN_DEPRECATED_OBJC_IMPLEMENTATIONS = YES;
				CLANG_WARN_DIRECT_OBJC_ISA_USAGE = YES_ERROR;
				CLANG_WARN_DOCUMENTATION_COMMENTS = YES;
				CLANG_WARN_EMPTY_BODY = YES;
				CLANG_WARN_ENUM_CONVERSION = YES;
				CLANG_WARN_INFINITE_RECURSION = YES;
				CLANG_WARN_INT_CONVERSION = YES;
				CLANG_WARN_NON_LITERAL_NULL_CONVERSION = YES;
				CLANG_WARN_OBJC_IMPLICIT_RETAIN_SELF = YES;
				CLANG_WARN_OBJC_LITERAL_CONVERSION = YES;
				CLANG_WARN_OBJC_ROOT_CLASS = YES_ERROR;
				CLANG_WARN_QUOTED_INCLUDE_IN_FRAMEWORK_HEADER = YES;
				CLANG_WARN_RANGE_LOOP_ANALYSIS = YES;
				CLANG_WARN_STRICT_PROTOTYPES = YES;
				CLANG_WARN_SUSPICIOUS_MOVE = YES;
				CLANG_WARN_UNGUARDED_AVAILABILITY = YES_AGGRESSIVE;
				CLANG_WARN_UNREACHABLE_CODE = YES;
				CLANG_WARN__DUPLICATE_METHOD_MATCH = YES;
				COPY_PHASE_STRIP = NO;
				DEBUG_INFORMATION_FORMAT = dwarf;
				ENABLE_STRICT_OBJC_MSGSEND = YES;
				ENABLE_TESTABILITY = YES;
				ENABLE_USER_SCRIPT_SANDBOXING = YES;
				GCC_C_LANGUAGE_STANDARD = gnu17;
				GCC_DYNAMIC_NO_PIC = NO;
				GCC_NO_COMMON_BLOCKS = YES;
				GCC_OPTIMIZATION_LEVEL = 0;
				GCC_PREPROCESSOR_DEFINITIONS = (
					"DEBUG=1",
					"$(inherited)",
				);
				GCC_WARN_64_TO_32_BIT_CONVERSION = YES;
				GCC_WARN_ABOUT_RETURN_TYPE = YES_ERROR;
				GCC_WARN_UNDECLARED_SELECTOR = YES;
				GCC_WARN_UNINITIALIZED_AUTOS = YES_AGGRESSIVE;
				GCC_WARN_UNUSED_FUNCTION = YES;
				GCC_WARN_UNUSED_VARIABLE = YES;
				IPHONEOS_DEPLOYMENT_TARGET = 17.5;
				LOCALIZATION_PREFERS_STRING_CATALOGS = YES;
				MTL_ENABLE_DEBUG_INFO = INCLUDE_SOURCE;
				MTL_FAST_MATH = YES;
				ONLY_ACTIVE_ARCH = YES;
				SDKROOT = iphoneos;
				SWIFT_ACTIVE_COMPILATION_CONDITIONS = "DEBUG $(inherited)";
				SWIFT_OPTIMIZATION_LEVEL = "-Onone";
			};
			name = Debug;
		};
		2368ED042C74D8920026607C /* Release */ = {
			isa = XCBuildConfiguration;
			buildSettings = {
				ALWAYS_SEARCH_USER_PATHS = NO;
				ASSETCATALOG_COMPILER_GENERATE_SWIFT_ASSET_SYMBOL_EXTENSIONS = YES;
				CLANG_ANALYZER_NONNULL = YES;
				CLANG_ANALYZER_NUMBER_OBJECT_CONVERSION = YES_AGGRESSIVE;
				CLANG_CXX_LANGUAGE_STANDARD = "gnu++20";
				CLANG_ENABLE_MODULES = YES;
				CLANG_ENABLE_OBJC_ARC = YES;
				CLANG_ENABLE_OBJC_WEAK = YES;
				CLANG_WARN_BLOCK_CAPTURE_AUTORELEASING = YES;
				CLANG_WARN_BOOL_CONVERSION = YES;
				CLANG_WARN_COMMA = YES;
				CLANG_WARN_CONSTANT_CONVERSION = YES;
				CLANG_WARN_DEPRECATED_OBJC_IMPLEMENTATIONS = YES;
				CLANG_WARN_DIRECT_OBJC_ISA_USAGE = YES_ERROR;
				CLANG_WARN_DOCUMENTATION_COMMENTS = YES;
				CLANG_WARN_EMPTY_BODY = YES;
				CLANG_WARN_ENUM_CONVERSION = YES;
				CLANG_WARN_INFINITE_RECURSION = YES;
				CLANG_WARN_INT_CONVERSION = YES;
				CLANG_WARN_NON_LITERAL_NULL_CONVERSION = YES;
				CLANG_WARN_OBJC_IMPLICIT_RETAIN_SELF = YES;
				CLANG_WARN_OBJC_LITERAL_CONVERSION = YES;
				CLANG_WARN_OBJC_ROOT_CLASS = YES_ERROR;
				CLANG_WARN_QUOTED_INCLUDE_IN_FRAMEWORK_HEADER = YES;
				CLANG_WARN_RANGE_LOOP_ANALYSIS = YES;
				CLANG_WARN_STRICT_PROTOTYPES = YES;
				CLANG_WARN_SUSPICIOUS_MOVE = YES;
				CLANG_WARN_UNGUARDED_AVAILABILITY = YES_AGGRESSIVE;
				CLANG_WARN_UNREACHABLE_CODE = YES;
				CLANG_WARN__DUPLICATE_METHOD_MATCH = YES;
				COPY_PHASE_STRIP = NO;
				DEBUG_INFORMATION_FORMAT = "dwarf-with-dsym";
				ENABLE_NS_ASSERTIONS = NO;
				ENABLE_STRICT_OBJC_MSGSEND = YES;
				ENABLE_USER_SCRIPT_SANDBOXING = YES;
				GCC_C_LANGUAGE_STANDARD = gnu17;
				GCC_NO_COMMON_BLOCKS = YES;
				GCC_WARN_64_TO_32_BIT_CONVERSION = YES;
				GCC_WARN_ABOUT_RETURN_TYPE = YES_ERROR;
				GCC_WARN_UNDECLARED_SELECTOR = YES;
				GCC_WARN_UNINITIALIZED_AUTOS = YES_AGGRESSIVE;
				GCC_WARN_UNUSED_FUNCTION = YES;
				GCC_WARN_UNUSED_VARIABLE = YES;
				IPHONEOS_DEPLOYMENT_TARGET = 17.5;
				LOCALIZATION_PREFERS_STRING_CATALOGS = YES;
				MTL_ENABLE_DEBUG_INFO = NO;
				MTL_FAST_MATH = YES;
				SDKROOT = iphoneos;
				SWIFT_COMPILATION_MODE = wholemodule;
				VALIDATE_PRODUCT = YES;
			};
			name = Release;
		};
		2368ED062C74D8920026607C /* Debug */ = {
			isa = XCBuildConfiguration;
			buildSettings = {
				ASSETCATALOG_COMPILER_APPICON_NAME = AppIcon;
				ASSETCATALOG_COMPILER_GLOBAL_ACCENT_COLOR_NAME = AccentColor;
				CODE_SIGN_STYLE = Automatic;
				CURRENT_PROJECT_VERSION = 1;
				DEVELOPMENT_TEAM = NWFJV5YTG5;
				GENERATE_INFOPLIST_FILE = YES;
				INFOPLIST_FILE = safwalkapp/Info.plist;
				INFOPLIST_KEY_UIApplicationSupportsIndirectInputEvents = YES;
				INFOPLIST_KEY_UILaunchStoryboardName = LaunchScreen;
				INFOPLIST_KEY_UIMainStoryboardFile = Main;
				INFOPLIST_KEY_UISupportedInterfaceOrientations_iPad = "UIInterfaceOrientationPortrait UIInterfaceOrientationPortraitUpsideDown UIInterfaceOrientationLandscapeLeft UIInterfaceOrientationLandscapeRight";
				INFOPLIST_KEY_UISupportedInterfaceOrientations_iPhone = "UIInterfaceOrientationPortrait UIInterfaceOrientationLandscapeLeft UIInterfaceOrientationLandscapeRight";
				LD_RUNPATH_SEARCH_PATHS = (
					"$(inherited)",
					"@executable_path/Frameworks",
				);
				MARKETING_VERSION = 1.0;
				PRODUCT_BUNDLE_IDENTIFIER = com.msc.safwalkapp;
				PRODUCT_NAME = "$(TARGET_NAME)";
				SWIFT_EMIT_LOC_STRINGS = YES;
				SWIFT_VERSION = 5.0;
				TARGETED_DEVICE_FAMILY = "1,2";
			};
			name = Debug;
		};
		2368ED072C74D8920026607C /* Release */ = {
			isa = XCBuildConfiguration;
			buildSettings = {
				ASSETCATALOG_COMPILER_APPICON_NAME = AppIcon;
				ASSETCATALOG_COMPILER_GLOBAL_ACCENT_COLOR_NAME = AccentColor;
				CODE_SIGN_STYLE = Automatic;
				CURRENT_PROJECT_VERSION = 1;
				DEVELOPMENT_TEAM = NWFJV5YTG5;
				GENERATE_INFOPLIST_FILE = YES;
				INFOPLIST_FILE = safwalkapp/Info.plist;
				INFOPLIST_KEY_UIApplicationSupportsIndirectInputEvents = YES;
				INFOPLIST_KEY_UILaunchStoryboardName = LaunchScreen;
				INFOPLIST_KEY_UIMainStoryboardFile = Main;
				INFOPLIST_KEY_UISupportedInterfaceOrientations_iPad = "UIInterfaceOrientationPortrait UIInterfaceOrientationPortraitUpsideDown UIInterfaceOrientationLandscapeLeft UIInterfaceOrientationLandscapeRight";
				INFOPLIST_KEY_UISupportedInterfaceOrientations_iPhone = "UIInterfaceOrientationPortrait UIInterfaceOrientationLandscapeLeft UIInterfaceOrientationLandscapeRight";
				LD_RUNPATH_SEARCH_PATHS = (
					"$(inherited)",
					"@executable_path/Frameworks",
				);
				MARKETING_VERSION = 1.0;
				PRODUCT_BUNDLE_IDENTIFIER = com.msc.safwalkapp;
				PRODUCT_NAME = "$(TARGET_NAME)";
				SWIFT_EMIT_LOC_STRINGS = YES;
				SWIFT_VERSION = 5.0;
				TARGETED_DEVICE_FAMILY = "1,2";
			};
			name = Release;
		};
		2368ED092C74D8920026607C /* Debug */ = {
			isa = XCBuildConfiguration;
			buildSettings = {
				ALWAYS_EMBED_SWIFT_STANDARD_LIBRARIES = YES;
				BUNDLE_LOADER = "$(TEST_HOST)";
				CODE_SIGN_STYLE = Automatic;
				CURRENT_PROJECT_VERSION = 1;
				DEVELOPMENT_TEAM = NWFJV5YTG5;
				GENERATE_INFOPLIST_FILE = YES;
				IPHONEOS_DEPLOYMENT_TARGET = 17.5;
				MARKETING_VERSION = 1.0;
				PRODUCT_BUNDLE_IDENTIFIER = com.msc.safwalkappTests;
				PRODUCT_NAME = "$(TARGET_NAME)";
				SWIFT_EMIT_LOC_STRINGS = NO;
				SWIFT_VERSION = 5.0;
				TARGETED_DEVICE_FAMILY = "1,2";
				TEST_HOST = "$(BUILT_PRODUCTS_DIR)/safwalkapp.app/$(BUNDLE_EXECUTABLE_FOLDER_PATH)/safwalkapp";
			};
			name = Debug;
		};
		2368ED0A2C74D8920026607C /* Release */ = {
			isa = XCBuildConfiguration;
			buildSettings = {
				ALWAYS_EMBED_SWIFT_STANDARD_LIBRARIES = YES;
				BUNDLE_LOADER = "$(TEST_HOST)";
				CODE_SIGN_STYLE = Automatic;
				CURRENT_PROJECT_VERSION = 1;
				DEVELOPMENT_TEAM = NWFJV5YTG5;
				GENERATE_INFOPLIST_FILE = YES;
				IPHONEOS_DEPLOYMENT_TARGET = 17.5;
				MARKETING_VERSION = 1.0;
				PRODUCT_BUNDLE_IDENTIFIER = com.msc.safwalkappTests;
				PRODUCT_NAME = "$(TARGET_NAME)";
				SWIFT_EMIT_LOC_STRINGS = NO;
				SWIFT_VERSION = 5.0;
				TARGETED_DEVICE_FAMILY = "1,2";
				TEST_HOST = "$(BUILT_PRODUCTS_DIR)/safwalkapp.app/$(BUNDLE_EXECUTABLE_FOLDER_PATH)/safwalkapp";
			};
			name = Release;
		};
		2368ED0C2C74D8920026607C /* Debug */ = {
			isa = XCBuildConfiguration;
			buildSettings = {
				ALWAYS_EMBED_SWIFT_STANDARD_LIBRARIES = YES;
				CODE_SIGN_STYLE = Automatic;
				CURRENT_PROJECT_VERSION = 1;
				DEVELOPMENT_TEAM = NWFJV5YTG5;
				GENERATE_INFOPLIST_FILE = YES;
				MARKETING_VERSION = 1.0;
				PRODUCT_BUNDLE_IDENTIFIER = com.msc.safwalkappUITests;
				PRODUCT_NAME = "$(TARGET_NAME)";
				SWIFT_EMIT_LOC_STRINGS = NO;
				SWIFT_VERSION = 5.0;
				TARGETED_DEVICE_FAMILY = "1,2";
				TEST_TARGET_NAME = safwalkapp;
			};
			name = Debug;
		};
		2368ED0D2C74D8920026607C /* Release */ = {
			isa = XCBuildConfiguration;
			buildSettings = {
				ALWAYS_EMBED_SWIFT_STANDARD_LIBRARIES = YES;
				CODE_SIGN_STYLE = Automatic;
				CURRENT_PROJECT_VERSION = 1;
				DEVELOPMENT_TEAM = NWFJV5YTG5;
				GENERATE_INFOPLIST_FILE = YES;
				MARKETING_VERSION = 1.0;
				PRODUCT_BUNDLE_IDENTIFIER = com.msc.safwalkappUITests;
				PRODUCT_NAME = "$(TARGET_NAME)";
				SWIFT_EMIT_LOC_STRINGS = NO;
				SWIFT_VERSION = 5.0;
				TARGETED_DEVICE_FAMILY = "1,2";
				TEST_TARGET_NAME = safwalkapp;
			};
			name = Release;
		};
/* End XCBuildConfiguration section */

/* Begin XCConfigurationList section */
		2368ECD62C74D8910026607C /* Build configuration list for PBXProject "safwalkapp" */ = {
			isa = XCConfigurationList;
			buildConfigurations = (
				2368ED032C74D8920026607C /* Debug */,
				2368ED042C74D8920026607C /* Release */,
			);
			defaultConfigurationIsVisible = 0;
			defaultConfigurationName = Release;
		};
		2368ED052C74D8920026607C /* Build configuration list for PBXNativeTarget "safwalkapp" */ = {
			isa = XCConfigurationList;
			buildConfigurations = (
				2368ED062C74D8920026607C /* Debug */,
				2368ED072C74D8920026607C /* Release */,
			);
			defaultConfigurationIsVisible = 0;
			defaultConfigurationName = Release;
		};
		2368ED082C74D8920026607C /* Build configuration list for PBXNativeTarget "safwalkappTests" */ = {
			isa = XCConfigurationList;
			buildConfigurations = (
				2368ED092C74D8920026607C /* Debug */,
				2368ED0A2C74D8920026607C /* Release */,
			);
			defaultConfigurationIsVisible = 0;
			defaultConfigurationName = Release;
		};
		2368ED0B2C74D8920026607C /* Build configuration list for PBXNativeTarget "safwalkappUITests" */ = {
			isa = XCConfigurationList;
			buildConfigurations = (
				2368ED0C2C74D8920026607C /* Debug */,
				2368ED0D2C74D8920026607C /* Release */,
			);
			defaultConfigurationIsVisible = 0;
			defaultConfigurationName = Release;
		};
/* End XCConfigurationList section */
	};
	rootObject = 2368ECD32C74D8910026607C /* Project object */;
}
